{
    "_meta": {
        "hash": {
            "sha256": "749e73f3693527bdd23961fef1ab885ae043f03f167565ae19413912e5b015cf"
        },
        "pipfile-spec": 6,
        "requires": {
            "python_version": "3.12"
        },
        "sources": [
            {
                "name": "pypi",
                "url": "https://pypi.org/simple",
                "verify_ssl": true
            }
        ]
    },
    "default": {
        "certifi": {
            "hashes": [
                "sha256:9943707519e4add1115f44c2bc244f782c0249876bf51b6599fee1ffbedd685c",
                "sha256:ac726dd470482006e014ad384921ed6438c457018f4b3d204aea4281258b2120"
            ],
            "markers": "python_version >= '3.7'",
            "version": "==2026.1.4"
        },
        "charset-normalizer": {
            "hashes": [
                "sha256:027f6de494925c0ab2a55eab46ae5129951638a49a34d87f4c3eda90f696b4ad",
                "sha256:077fbb858e903c73f6c9db43374fd213b0b6a778106bc7032446a8e8b5b38b93",
                "sha256:0a98e6759f854bd25a58a73fa88833fba3b7c491169f86ce1180c948ab3fd394",
                "sha256:0d3d8f15c07f86e9ff82319b3d9ef6f4bf907608f53fe9d92b28ea9ae3d1fd89",
                "sha256:0f04b14ffe5fdc8c4933862d8306109a2c51e0704acfa35d51598eb45a1e89fc",
                "sha256:11d694519d7f29d6cd09f6ac70028dba10f92f6cdd059096db198c283794ac86",
                "sha256:194f08cbb32dc406d6e1aea671a68be0823673db2832b38405deba2fb0d88f63",
                "sha256:1bee1e43c28aa63cb16e5c14e582580546b08e535299b8b6158a7c9c768a1f3d",
                "sha256:21d142cc6c0ec30d2efee5068ca36c128a30b0f2c53c1c07bd78cb6bc1d3be5f",
                "sha256:2437418e20515acec67d86e12bf70056a33abdacb5cb1655042f6538d6b085a8",
                "sha256:244bfb999c71b35de57821b8ea746b24e863398194a4014e4c76adc2bbdfeff0",
                "sha256:2677acec1a2f8ef614c6888b5b4ae4060cc184174a938ed4e8ef690e15d3e505",
                "sha256:277e970e750505ed74c832b4bf75dac7476262ee2a013f5574dd49075879e161",
                "sha256:2aaba3b0819274cc41757a1da876f810a3e4d7b6eb25699253a4effef9e8e4af",
                "sha256:2b7d8f6c26245217bd2ad053761201e9f9680f8ce52f0fcd8d0755aeae5b2152",
                "sha256:2c9d3c380143a1fedbff95a312aa798578371eb29da42106a29019368a475318",
                "sha256:3162d5d8ce1bb98dd51af660f2121c55d0fa541b46dff7bb9b9f86ea1d87de72",
                "sha256:31fd66405eaf47bb62e8cd575dc621c56c668f27d46a61d975a249930dd5e2a4",
                "sha256:362d61fd13843997c1c446760ef36f240cf81d3ebf74ac62652aebaf7838561e",
                "sha256:376bec83a63b8021bb5c8ea75e21c4ccb86e7e45ca4eb81146091b56599b80c3",
                "sha256:44c2a8734b333e0578090c4cd6b16f275e07aa6614ca8715e6c038e865e70576",
                "sha256:47cc91b2f4dd2833fddaedd2893006b0106129d4b94fdb6af1f4ce5a9965577c",
                "sha256:4902828217069c3c5c71094537a8e623f5d097858ac6ca8252f7b4d10b7560f1",
                "sha256:4bd5d4137d500351a30687c2d3971758aac9a19208fc110ccb9d7188fbe709e8",
                "sha256:4fe7859a4e3e8457458e2ff592f15ccb02f3da787fcd31e0183879c3ad4692a1",
                "sha256:542d2cee80be6f80247095cc36c418f7bddd14f4a6de45af91dfad36d817bba2",
                "sha256:554af85e960429cf30784dd47447d5125aaa3b99a6f0683589dbd27e2f45da44",
                "sha256:5833d2c39d8896e4e19b689ffc198f08ea58116bee26dea51e362ecc7cd3ed26",
                "sha256:5947809c8a2417be3267efc979c47d76a079758166f7d43ef5ae8e9f92751f88",
                "sha256:5ae497466c7901d54b639cf42d5b8c1b6a4fead55215500d2f486d34db48d016",
                "sha256:5bd2293095d766545ec1a8f612559f6b40abc0eb18bb2f5d1171872d34036ede",
                "sha256:5bfbb1b9acf3334612667b61bd3002196fe2a1eb4dd74d247e0f2a4d50ec9bbf",
                "sha256:5cb4d72eea50c8868f5288b7f7f33ed276118325c1dfd3957089f6b519e1382a",
                "sha256:5dbe56a36425d26d6cfb40ce79c314a2e4dd6211d51d6d2191c00bed34f354cc",
                "sha256:5f819d5fe9234f9f82d75bdfa9aef3a3d72c4d24a6e57aeaebba32a704553aa0",
                "sha256:64b55f9dce520635f018f907ff1b0df1fdc31f2795a922fb49dd14fbcdf48c84",
                "sha256:6515f3182dbe4ea06ced2d9e8666d97b46ef4c75e326b79bb624110f122551db",
                "sha256:65e2befcd84bc6f37095f5961e68a6f077bf44946771354a28ad434c2cce0ae1",
                "sha256:6aee717dcfead04c6eb1ce3bd29ac1e22663cdea57f943c87d1eab9a025438d7",
                "sha256:6b39f987ae8ccdf0d2642338faf2abb1862340facc796048b604ef14919e55ed",
                "sha256:6e1fcf0720908f200cd21aa4e6750a48ff6ce4afe7ff5a79a90d5ed8a08296f8",
                "sha256:74018750915ee7ad843a774364e13a3db91682f26142baddf775342c3f5b1133",
                "sha256:74664978bb272435107de04e36db5a9735e78232b85b77d45cfb38f758efd33e",
                "sha256:74bb723680f9f7a6234dcf67aea57e708ec1fbdf5699fb91dfd6f511b0a320ef",
                "sha256:752944c7ffbfdd10c074dc58ec2d5a8a4cd9493b314d367c14d24c17684ddd14",
                "sha256:778d2e08eda00f4256d7f672ca9fef386071c9202f5e4607920b86d7803387f2",
                "sha256:780236ac706e66881f3b7f2f32dfe90507a09e67d1d454c762cf642e6e1586e0",
                "sha256:798d75d81754988d2565bff1b97ba5a44411867c0cf32b77a7e8f8d84796b10d",
                "sha256:799a7a5e4fb2d5898c60b640fd4981d6a25f1c11790935a44ce38c54e985f828",
                "sha256:7a32c560861a02ff789ad905a2fe94e3f840803362c84fecf1851cb4cf3dc37f",
                "sha256:7c308f7e26e4363d79df40ca5b2be1c6ba9f02bdbccfed5abddb7859a6ce72cf",
                "sha256:7fa17817dc5625de8a027cb8b26d9fefa3ea28c8253929b8d6649e705d2835b6",
                "sha256:81d5eb2a312700f4ecaa977a8235b634ce853200e828fbadf3a9c50bab278328",
                "sha256:82004af6c302b5d3ab2cfc4cc5f29db16123b1a8417f2e25f9066f91d4411090",
                "sha256:837c2ce8c5a65a2035be9b3569c684358dfbf109fd3b6969630a87535495ceaa",
                "sha256:840c25fb618a231545cbab0564a799f101b63b9901f2569faecd6b222ac72381",
                "sha256:8a6562c3700cce886c5be75ade4a5db4214fda19fede41d9792d100288d8f94c",
                "sha256:8af65f14dc14a79b924524b1e7fffe304517b2bff5a58bf64f30b98bbc5079eb",
                "sha256:8ef3c867360f88ac904fd3f5e1f902f13307af9052646963ee08ff4f131adafc",
                "sha256:94537985111c35f28720e43603b8e7b43a6ecfb2ce1d3058bbe955b73404e21a",
                "sha256:99ae2cffebb06e6c22bdc25801d7b30f503cc87dbd283479e7b606f70aff57ec",
                "sha256:9a26f18905b8dd5d685d6d07b0cdf98a79f3c7a918906af7cc143ea2e164c8bc",
                "sha256:9b35f4c90079ff2e2edc5b26c0c77925e5d2d255c42c74fdb70fb49b172726ac",
                "sha256:9cd98cdc06614a2f768d2b7286d66805f94c48cde050acdbbb7db2600ab3197e",
                "sha256:9d1bb833febdff5c8927f922386db610b49db6e0d4f4ee29601d71e7c2694313",
                "sha256:9f7fcd74d410a36883701fafa2482a6af2ff5ba96b9a620e9e0721e28ead5569",
                "sha256:a59cb51917aa591b1c4e6a43c132f0cdc3c76dbad6155df4e28ee626cc77a0a3",
                "sha256:a61900df84c667873b292c3de315a786dd8dac506704dea57bc957bd31e22c7d",
                "sha256:a79cfe37875f822425b89a82333404539ae63dbdddf97f84dcbc3d339aae9525",
                "sha256:a8a8b89589086a25749f471e6a900d3f662d1d3b6e2e59dcecf787b1cc3a1894",
                "sha256:a8bf8d0f749c5757af2142fe7903a9df1d2e8aa3841559b2bad34b08d0e2bcf3",
                "sha256:a9768c477b9d7bd54bc0c86dbaebdec6f03306675526c9927c0e8a04e8f94af9",
                "sha256:ac1c4a689edcc530fc9d9aa11f5774b9e2f33f9a0c6a57864e90908f5208d30a",
                "sha256:af2d8c67d8e573d6de5bc30cdb27e9b95e49115cd9baad5ddbd1a6207aaa82a9",
                "sha256:b435cba5f4f750aa6c0a0d92c541fb79f69a387c91e61f1795227e4ed9cece14",
                "sha256:b5b290ccc2a263e8d185130284f8501e3e36c5e02750fc6b6bdeb2e9e96f1e25",
                "sha256:b5d84d37db046c5ca74ee7bb47dd6cbc13f80665fdde3e8040bdd3fb015ecb50",
                "sha256:b7cf1017d601aa35e6bb650b6ad28652c9cd78ee6caff19f3c28d03e1c80acbf",
                "sha256:bc7637e2f80d8530ee4a78e878bce464f70087ce73cf7c1caf142416923b98f1",
                "sha256:c0463276121fdee9c49b98908b3a89c39be45d86d1dbaa22957e38f6321d4ce3",
                "sha256:c4ef880e27901b6cc782f1b95f82da9313c0eb95c3af699103088fa0ac3ce9ac",
                "sha256:c8ae8a0f02f57a6e61203a31428fa1d677cbe50c93622b4149d5c0f319c1d19e",
                "sha256:ca5862d5b3928c4940729dacc329aa9102900382fea192fc5e52eb69d6093815",
                "sha256:cb01158d8b88ee68f15949894ccc6712278243d95f344770fa7593fa2d94410c",
                "sha256:cb6254dc36b47a990e59e1068afacdcd02958bdcce30bb50cc1700a8b9d624a6",
                "sha256:cc00f04ed596e9dc0da42ed17ac5e596c6ccba999ba6bd92b0e0aef2f170f2d6",
                "sha256:cd09d08005f958f370f539f186d10aec3377d55b9eeb0d796025d4886119d76e",
                "sha256:cd4b7ca9984e5e7985c12bc60a6f173f3c958eae74f3ef6624bb6b26e2abbae4",
                "sha256:ce8a0633f41a967713a59c4139d29110c07e826d131a316b50ce11b1d79b4f84",
                "sha256:cead0978fc57397645f12578bfd2d5ea9138ea0fac82b2f63f7f7c6877986a69",
                "sha256:d055ec1e26e441f6187acf818b73564e6e6282709e9bcb5b63f5b23068356a15",
                "sha256:d1f13550535ad8cff21b8d757a3257963e951d96e20ec82ab44bc64aeb62a191",
                "sha256:d9c7f57c3d666a53421049053eaacdd14bbd0a528e2186fcb2e672effd053bb0",
                "sha256:d9e45d7faa48ee908174d8fe84854479ef838fc6a705c9315372eacbc2f02897",
                "sha256:da3326d9e65ef63a817ecbcc0df6e94463713b754fe293eaa03da99befb9a5bd",
                "sha256:de00632ca48df9daf77a2c65a484531649261ec9f25489917f09e455cb09ddb2",
                "sha256:e1f185f86a6f3403aa2420e815904c67b2f9ebc443f045edd0de921108345794",
                "sha256:e824f1492727fa856dd6eda4f7cee25f8518a12f3c4a56a74e8095695089cf6d",
                "sha256:e912091979546adf63357d7e2ccff9b44f026c075aeaf25a52d0e95ad2281074",
                "sha256:eaabd426fe94daf8fd157c32e571c85cb12e66692f15516a83a03264b08d06c3",
                "sha256:ebf3e58c7ec8a8bed6d66a75d7fb37b55e5015b03ceae72a8e7c74495551e224",
                "sha256:ecaae4149d99b1c9e7b88bb03e3221956f68fd6d50be2ef061b2381b61d20838",
                "sha256:eecbc200c7fd5ddb9a7f16c7decb07b566c29fa2161a16cf67b8d068bd21690a",
                "sha256:f155a433c2ec037d4e8df17d18922c3a0d9b3232a396690f17175d2946f0218d",
                "sha256:f1e34719c6ed0b92f418c7c780480b26b5d9c50349e9a9af7d76bf757530350d",
                "sha256:f34be2938726fc13801220747472850852fe6b1ea75869a048d6f896838c896f",
                "sha256:f820802628d2694cb7e56db99213f930856014862f3fd943d290ea8438d07ca8",
                "sha256:f8bf04158c6b607d747e93949aa60618b61312fe647a6369f88ce2ff16043490",
                "sha256:f8e160feb2aed042cd657a72acc0b481212ed28b1b9a95c0cee1621b524e1966",
                "sha256:f9d332f8c2a2fcbffe1378594431458ddbef721c1769d78e2cbc06280d8155f9",
                "sha256:fa09f53c465e532f4d3db095e0c55b615f010ad81803d383195b6b5ca6cbf5f3",
                "sha256:faa3a41b2b66b6e50f84ae4a68c64fcd0c44355741c6374813a800cd6695db9e",
                "sha256:fd44c878ea55ba351104cb93cc85e74916eb8fa440ca7903e57575e97394f608"
            ],
            "markers": "python_version >= '3.7'",
            "version": "==3.4.4"
        },
        "cryo": {
            "hashes": [
                "sha256:009f7907c7dc40d12fce80234e44a8b72ae24dea37896bc98c10b28a6d549523",
                "sha256:033582e979922a09d5b05413f54823cfcc381615602e6a0a5bc6878b3d34a292",
                "sha256:0411c6168e9e6a125fdadac5263718b3fd0a108d47859b2da742a0729f2a14ee",
                "sha256:07d848a5c008c888dd105da5e7dc5dc1872234c7ee1bdbc1dd46e43f53a2bab3",
                "sha256:13f6a2ecf4c3ae95adc212c8b94f5ee71199edfe68ee9708befadf33ff64d830",
                "sha256:145e65246f6ed4202af70aaa26029015f51f60399d50c9b4b0ea434edaa5a12e",
                "sha256:1fa7f471f58000df0a4548b5ab9f473e55c45ccf82ccfdf76671be07897e3e31",
                "sha256:25a96a3fdb2189e98232919435ee2360a9bd6335c3d28a22e7cc96a0678ebf66",
                "sha256:2ec41267915ad95fd269327fa8e5815d24359119f30d0390d9adddd16909c172",
                "sha256:2f97a37c4ba2e5e2fddd1ac53905f843da3b53b3f39e6ae37c4c0a23da77bcd2",
                "sha256:3abf720446c4eeffe1321725917e96a5c0980876a112d562eaf88f3605615e6c",
                "sha256:3fc57ce2fc9c786709e0c0e42eb5a627009fc8e38da65dbb7db9b3e46ed0f70e",
                "sha256:45d7b2470ab705e099d9b87cde7a537fbf63234af68efceb22bb5e6a58f72c92",
                "sha256:4a1acbec58d75246c0fb8add235f8e8fa03429a8facc0219268ada2db2b13d75",
                "sha256:699bc8d4cf0c6b04eb7c57e94d2eb31d66637e750ad065cc8ec02c4fce0f68e9",
                "sha256:7b9e58d92247e86b8d8b4e17f4fb360d08ca0a675969090f975d5783aa3251c1",
                "sha256:7ed466ed629aa114f3b9375f76ba79970df8e9b9b71ffee3fcbc9451b5f612c0",
                "sha256:809ce4e66ff3084e799ea269cd9dbaf66170b7ef11f3b690653d5d00c90e9030",
                "sha256:86ff3117fe1e3a3d45831c98a7b58550b6ad34ada7087e2dad84c52a498a86db",
                "sha256:8beffbf69ae2b1ba2d5587f8f142e5a2f31857796f5b7250f9e8674baa835ec3",
                "sha256:91cae8b4555d38951d6bdab0b5cf2c7dd1441f30969865eae5ff1b635d47d7a3",
                "sha256:99c33155870a9d2b4c7d0f29b86e571e79bb4eb75ed7c4d1e6004c3d5484de78",
                "sha256:9b0e1f50d756464634bb33b3e472d34e59c4b5a4351ddfb2c435a134573b8cdf",
                "sha256:cbec63e5e03fb43d2a9a6dad21bc130b018db78ead2f75d5ce36311de22e7e0d",
                "sha256:cc3169e2592d668b71eb31587bc7a1b6db118aa675657a55f102978394085202"
            ],
            "index": "pypi",
            "markers": "python_version >= '3.7'",
            "version": "==0.3.2"
        },
        "idna": {
            "hashes": [
                "sha256:771a87f49d9defaf64091e6e6fe9c18d4833f140bd19464795bc32d966ca37ea",
                "sha256:795dafcc9c04ed0c1fb032c2aa73654d8e8c5023a7df64a53f39190ada629902"
            ],
            "markers": "python_version >= '3.8'",
            "version": "==3.11"
        },
        "maturin": {
            "hashes": [
                "sha256:03e893ebb81a8b54581912aa27f3222ac0489e5b3f8f556bedf7c3da190b1ac9",
                "sha256:0c3c896560dd3e59ff4ec12cc0899d35158a92b41522cbb663c8084301df9594",
                "sha256:21909cccf7a23fb8f14a5faccadacfdd69544c0361d58151407d77062a4a263b",
                "sha256:33f87b5a0f51d0d94c518461b0f9e5f8469f38a0537ff9e8e6aac3a1163ecf2a",
                "sha256:61b5afa8ad0197d087bba64cded3cad0b130977ebbf7a86c5bdc3819b8cb797c",
                "sha256:6ce8efee85a8ce23e9827a321b99bb6b596b2035cda3e5ce49a9c22ac5600822",
                "sha256:71abf373b9d79ba4703bf64b45d796caa529583039207d88b0245217f1b0bbd1",
                "sha256:7414d4c60e5d8cf4820098200af9129b106e269a912a13796b5db44ab6b63eee",
                "sha256:900dacc0cbeeced24279b4b402519a9a6e873b159607ac23b5a3127d6ba5b731",
                "sha256:9734de7e3cebbfbb3d8b3cd5e6b14c2c58da4632e2c8cbc86a0d9b2197c8ec7d",
                "sha256:d2017bbe1b1331f964a2dcd270ee25e8e2129b09d420d4fa59ec803f274daf9f",
                "sha256:d6016e097be799ecaa30c8af52a80dee6b87166cf456c597dfc8c2262bc251e0",
                "sha256:de6f5d8c4aec480e4b5f21420efc00967eeee1d99c639ca2f59f8ecea9a432fb",
                "sha256:e7f470a2eb5629bd002a25bdc2a38b70393dbafa959074f0b36171c18e3b3605"
            ],
            "index": "pypi",
            "markers": "python_version >= '3.7'",
            "version": "==1.11.4"
        },
        "numpy": {
            "hashes": [
                "sha256:009bd0ea12d3c784b6639a8457537016ce5172109e585338e11334f6a7bb88ee",
                "sha256:02a2038eb27f9443a8b266a66911e926566b5a6ffd1a689b588f7f35b81e7dc3",
                "sha256:0804a8e4ab070d1d35496e65ffd3cf8114c136a2b81f61dfab0de4b218aacfd5",
                "sha256:0feafc9e03128074689183031181fac0897ff169692d8492066e949041096548",
                "sha256:1889b3a3f47a7b5bee16bc25a2145bd7cb91897f815ce3499db64c7458b6d91d",
                "sha256:1d8f9fde5f6dc1b6fc34df8162f3b3079365468703fee7f31d4e0cc8c63baed9",
                "sha256:1ee32359fb7543b7b7bd0b2f46294db27e29e7bbdf70541e81b190836cd83ded",
                "sha256:20c115517513831860c573996e395707aa9fb691eb179200125c250e895fcd93",
                "sha256:21555da4ec4a0c942520ead42c3b0dc9477441e085c42b0fbdd6a084869a6f6b",
                "sha256:23a3e9d1a6f360267e8fbb38ba5db355a6a7e9be71d7fce7ab3125e88bb646c8",
                "sha256:2a8b6bb8369abefb8bd1801b054ad50e02b3275c8614dc6e5b0373c305291037",
                "sha256:2e284ca13d5a8367e43734148622caf0b261b275673823593e3e3634a6490f83",
                "sha256:2f585f52b2baf07ff3356158d9268ea095e221371f1074fadea2f42544d58b4d",
                "sha256:316b2f2584682318539f0bcaca5a496ce9ca78c88066579ebd11fd06f8e4741e",
                "sha256:32ed06d0fe9cae27d8fb5f400c63ccee72370599c75e683a6358dd3a4fb50aaf",
                "sha256:355354388cba60f2132df297e2d53053d4063f79077b67b481d21276d61fc4df",
                "sha256:35ddc8f4914466e6fc954c76527aa91aa763682a4f6d73249ef20b418fe6effb",
                "sha256:36667db4d6c1cea79c8930ab72fadfb4060feb4bfe724141cd4bd064d2e5f8ce",
                "sha256:36cbfb13c152b1c7c184ddac43765db8ad672567e7bafff2cc755a09917ed2e6",
                "sha256:39699233bc72dd482da1415dcb06076e32f60eddc796a796c5fb6c5efce94667",
                "sha256:39b19251dec4de8ff8496cd0806cbe27bf0684f765abb1f4809554de93785f2d",
                "sha256:3d857f55e7fdf7c38ab96c4558c95b97d1c685be6b05c249f5fdafcbd6f9899e",
                "sha256:3de19cfecd1465d0dcf8a5b5ea8b3155b42ed0b639dba4b71e323d74f2a3be5e",
                "sha256:3f3096405acc48887458bbf9f6814d43785ac7ba2a57ea6442b581dedbc60ce6",
                "sha256:40483b2f2d3ba7aad426443767ff5632ec3156ef09742b96913787d13c336471",
                "sha256:413aa561266a4be2d06cd2b9665e89d9f54c543f418773076a76adcf2af08bc7",
                "sha256:44aba2f0cafd287871a495fb3163408b0bd25bbce135c6f621534a07f4f7875c",
                "sha256:49ff32b09f5aa0cd30a20c2b39db3e669c845589f2b7fc910365210887e39344",
                "sha256:4d1cfce39e511069b11e67cd0bd78ceff31443b7c9e5c04db73c7a19f572967c",
                "sha256:57c540ed8fb1f05cb997c6761cd56db72395b0d6985e90571ff660452ade4f98",
                "sha256:5f48cb3e88fbc294dc90e215d86fbaf1c852c63dbdb6c3a3e63f45c4b57f7344",
                "sha256:5fe44e277225fd3dff6882d86d3d447205d43532c3627313d17e754fb3905a0e",
                "sha256:60e8c196cd82cbbd4f130b5290007e13e6de3eca79f0d4d38014769d96a7c475",
                "sha256:65167da969cd1ec3a1df31cb221ca3a19a8aaa25370ecb17d428415e93c1935e",
                "sha256:680060061adb2d74ce352628cb798cfdec399068aa7f07ba9fb818b2b3305f98",
                "sha256:6bbaebf0d11567fa8926215ae731e1d58e6ec28a8a25235b8a47405d301332db",
                "sha256:6c05483c3136ac4c91b4e81903cb53a8707d316f488124d0398499a4f8e8ef51",
                "sha256:6dc8b7e2f4eb184b37655195f421836cfae6f58197b67e3ffc501f1333d993fa",
                "sha256:6e504f7b16118198f138ef31ba24d985b124c2c469fe8467007cf30fd992f934",
                "sha256:74623f2ab5cc3f7c886add4f735d1031a1d2be4a4ae63c0546cfd74e7a31ddf6",
                "sha256:77f0d13fa87036d7553bf81f0e1fe3ce68d14c9976c9851744e4d3e91127e95f",
                "sha256:85eef4cb5625c47ee6425c58a3502555e10f45ee973da878ac8248ad58c136f3",
                "sha256:882567b7ae57c1b1a0250208cc21a7976d8cbcc49d5a322e607e6f09c9e0bd53",
                "sha256:8b986403023c8f3bf8f487c2e6186afda156174d31c175f747d8934dfddf3479",
                "sha256:8cfa5f29a695cb7438965e6c3e8d06e0416060cf0d709c1b1c1653a939bf5c2a",
                "sha256:8eafe7c36c8430b7794edeab3087dec7bf31d634d92f2af9949434b9d1964cba",
                "sha256:9198f447e1dc5647d07c9a6bbe2063cc0132728cc7175b39dbc796da5b54920d",
                "sha256:92190db305a6f48734d3982f2c60fa30d6b5ee9bff10f2887b930d7b40119f4c",
                "sha256:927ccf5cd17c48f801f4ed43a7e5673a2724bd2171460be3e3894e6e332ef83a",
                "sha256:98e81648e0b36e325ab67e46b5400a7a6d4a22b8a7c8e8bbfe20e7db7906bf95",
                "sha256:9a818668b674047fd88c4cddada7ab8f1c298812783e8328e956b78dc4807f9f",
                "sha256:a152d86a3ae00ba5f47b3acf3b827509fd0b6cb7d3259665e63dafbad22a75ea",
                "sha256:a2718c1de8504121714234b6f8241d0019450353276c88b9453c9c3d92e101db",
                "sha256:a39fb973a726e63223287adc6dafe444ce75af952d711e400f3bf2b36ef55a7b",
                "sha256:a899699294f28f7be8992853c0c60741f16ff199205e2e6cdca155762cbaa59d",
                "sha256:a8fdfed3deaf1928fb7667d96e0567cdf58c2b370ea2ee7e586aa383ec2cb346",
                "sha256:aabb081ca0ec5d39591fc33018cd4b3f96e1a2dd6756282029986d00a785fba4",
                "sha256:b1f5b45829ac1848893f0ddf5cb326110604d6df96cdc255b0bf9edd154104d4",
                "sha256:b48e35f4ab6f6a7597c46e301126ceba4c44cd3280e3750f85db48b082624fa4",
                "sha256:b54c83f1c0c0f1d748dca0af516062b8829d53d1f0c402be24b4257a9c48ada6",
                "sha256:ba0cb30acd3ef11c94dc27fbfba68940652492bc107075e7ffe23057f9425681",
                "sha256:bb50ce5fb202a26fd5404620e7ef820ad1ab3558b444cb0b55beb7ef66cd2d63",
                "sha256:c95eb6db2884917d86cde0b4d4cf31adf485c8ec36bf8696dd66fa70de96f36b",
                "sha256:d0ffd9e2e4441c96a9c91ec1783285d80bf835b677853fc2770a89d50c1e48ac",
                "sha256:d57b5046c120561ba8fa8e4030fbb8b822f3063910fa901ffadf16e2b7128ad6",
                "sha256:d9e6a7664ddd9746e20b7325351fe1a8408d0a2bf9c63b5e898290ddc8f09544",
                "sha256:dc578891de1db95b2a35001b695451767b580bb45753717498213c5ff3c41d63",
                "sha256:e0434aa22c821f44eeb4c650b81c7fbdd8c0122c6c4b5a576a76d5a35625ecd9",
                "sha256:e06a922a469cae9a57100864caf4f8a97a1026513793969f8ba5b63137a35d25",
                "sha256:e493962256a38f58283de033d8af176c5c91c084ea30f15834f7545451c42059",
                "sha256:ecb0019d44f4cdb50b676c5d0cb4b1eae8e15d1ed3d3e6639f986fc92b2ec52c",
                "sha256:f935c4493eda9069851058fa0d9e39dbf6286be690066509305e52912714dbb2"
            ],
            "markers": "python_version >= '3.11'",
            "version": "==2.4.0"
        },
        "pandas": {
            "hashes": [
                "sha256:0242fe9a49aa8b4d78a4fa03acb397a58833ef6199e9aa40a95f027bb3a1b6e7",
                "sha256:1611aedd912e1ff81ff41c745822980c49ce4a7907537be8692c8dbc31924593",
                "sha256:1b07204a219b3b7350abaae088f451860223a52cfb8a6c53358e7948735158e5",
                "sha256:1d37b5848ba49824e5c30bedb9c830ab9b7751fd049bc7914533e01c65f79791",
                "sha256:23ebd657a4d38268c7dfbdf089fbc31ea709d82e4923c5ffd4fbd5747133ce73",
                "sha256:2462b1a365b6109d275250baaae7b760fd25c726aaca0054649286bcfbb3e8ec",
                "sha256:28083c648d9a99a5dd035ec125d42439c6c1c525098c58af0fc38dd1a7a1b3d4",
                "sha256:2e3ebdb170b5ef78f19bfb71b0dc5dc58775032361fa188e814959b74d726dd5",
                "sha256:318d77e0e42a628c04dc56bcef4b40de67918f7041c2b061af1da41dcff670ac",
                "sha256:371a4ab48e950033bcf52b6527eccb564f52dc826c02afd9a1bc0ab731bba084",
                "sha256:376c6446ae31770764215a6c937f72d917f214b43560603cd60da6408f183b6c",
                "sha256:3869faf4bd07b3b66a9f462417d0ca3a9df29a9f6abd5d0d0dbab15dac7abe87",
                "sha256:3fd2f887589c7aa868e02632612ba39acb0b8948faf5cc58f0850e165bd46f35",
                "sha256:4793891684806ae50d1288c9bae9330293ab4e083ccd1c5e383c34549c6e4250",
                "sha256:4e0a175408804d566144e170d0476b15d78458795bb18f1304fb94160cabf40c",
                "sha256:503cf027cf9940d2ceaa1a93cfb5f8c8c7e6e90720a2850378f0b3f3b1e06826",
                "sha256:5554c929ccc317d41a5e3d1234f3be588248e61f08a74dd17c9eabb535777dc9",
                "sha256:56851a737e3470de7fa88e6131f41281ed440d29a9268dcbf0002da5ac366713",
                "sha256:5caf26f64126b6c7aec964f74266f435afef1c1b13da3b0636c7518a1fa3e2b1",
                "sha256:602b8615ebcc4a0c1751e71840428ddebeb142ec02c786e8ad6b1ce3c8dec523",
                "sha256:6253c72c6a1d990a410bc7de641d34053364ef8bcd3126f7e7450125887dffe3",
                "sha256:6435cb949cb34ec11cc9860246ccb2fdc9ecd742c12d3304989017d53f039a78",
                "sha256:6d21f6d74eb1725c2efaa71a2bfc661a0689579b58e9c0ca58a739ff0b002b53",
                "sha256:6d2cefc361461662ac48810cb14365a365ce864afe85ef1f447ff5a1e99ea81c",
                "sha256:74ecdf1d301e812db96a465a525952f4dde225fdb6d8e5a521d47e1f42041e21",
                "sha256:75ea25f9529fdec2d2e93a42c523962261e567d250b0013b16210e1d40d7c2e5",
                "sha256:854d00d556406bffe66a4c0802f334c9ad5a96b4f1f868adf036a21b11ef13ff",
                "sha256:8fe25fc7b623b0ef6b5009149627e34d2a4657e880948ec3c840e9402e5c1b45",
                "sha256:900f47d8f20860de523a1ac881c4c36d65efcb2eb850e6948140fa781736e110",
                "sha256:93c2d9ab0fc11822b5eece72ec9587e172f63cff87c00b062f6e37448ced4493",
                "sha256:a16dcec078a01eeef8ee61bf64074b4e524a2a3f4b3be9326420cabe59c4778b",
                "sha256:a21d830e78df0a515db2b3d2f5570610f5e6bd2e27749770e8bb7b524b89b450",
                "sha256:a45c765238e2ed7d7c608fc5bc4a6f88b642f2f01e70c0c23d2224dd21829d86",
                "sha256:a637c5cdfa04b6d6e2ecedcb81fc52ffb0fd78ce2ebccc9ea964df9f658de8c8",
                "sha256:a68e15f780eddf2b07d242e17a04aa187a7ee12b40b930bfdd78070556550e98",
                "sha256:b3d11d2fda7eb164ef27ffc14b4fcab16a80e1ce67e9f57e19ec0afaf715ba89",
                "sha256:b468d3dad6ff947df92dcb32ede5b7bd41a9b3cceef0a30ed925f6d01fb8fa66",
                "sha256:b98560e98cb334799c0b07ca7967ac361a47326e9b4e5a7dfb5ab2b1c9d35a1b",
                "sha256:bdcd9d1167f4885211e401b3036c0c8d9e274eee67ea8d0758a256d60704cfe8",
                "sha256:bf1f8a81d04ca90e32a0aceb819d34dbd378a98bf923b6398b9a3ec0bf44de29",
                "sha256:c46467899aaa4da076d5abc11084634e2d197e9460643dd455ac3db5856b24d6",
                "sha256:c4fc4c21971a1a9f4bdb4c73978c7f7256caa3e62b323f70d6cb80db583350bc",
                "sha256:c503ba5216814e295f40711470446bc3fd00f0faea8a086cbc688808e26f92a2",
                "sha256:d051c0e065b94b7a3cea50eb1ec32e912cd96dba41647eb24104b6c6c14c5788",
                "sha256:d3e28b3e83862ccf4d85ff19cf8c20b2ae7e503881711ff2d534dc8f761131aa",
                "sha256:db4301b2d1f926ae677a751eb2bd0e8c5f5319c9cb3f88b0becbbb0b07b34151",
                "sha256:dd7478f1463441ae4ca7308a70e90b33470fa593429f9d4c578dd00d1fa78838",
                "sha256:e05e1af93b977f7eafa636d043f9f94c7ee3ac81af99c13508215942e64c993b",
                "sha256:e19d192383eab2f4ceb30b412b22ea30690c9e618f78870357ae1d682912015a",
                "sha256:e32e7cc9af0f1cc15548288a51a3b681cc2a219faa838e995f7dc53dbab1062d",
                "sha256:ecaf1e12bdc03c86ad4a7ea848d66c685cb6851d807a26aa245ca3d2017a1908",
                "sha256:ee15f284898e7b246df8087fc82b87b01686f98ee67d85a17b7ab44143a3a9a0",
                "sha256:ee67acbbf05014ea6c763beb097e03cd629961c8a632075eeb34247120abcb4b",
                "sha256:f086f6fe114e19d92014a1966f43a3e62285109afe874f067f5abbdcbb10e59c",
                "sha256:f8bfc0e12dc78f777f323f55c58649591b2cd0c43534e8355c51d3fede5f4dee"
            ],
            "index": "pypi",
            "markers": "python_version >= '3.9'",
            "version": "==2.3.3"
        },
        "polars": {
            "hashes": [
                "sha256:00f62dec6bf43a4e2a5db58b99bf0e79699fe761c80ae665868eaea5168f3bbb",
                "sha256:24b82441f93409e0e8abd6f427b029db102f02b8de328cee9a680f84b84e3736",
                "sha256:2d7567c9fd9d3b9aa93387ca9880d9e8f7acea3c0a0555c03d8c0c2f0715d43c",
                "sha256:67f2fe842262b7e1b9371edad21b760f6734d28b74c78dda88dff1bf031b9499",
                "sha256:86454ade5ed302bbf87f145cfcb1b14f7a5765a9440e448659e1f3dba6ac4e79",
                "sha256:87f43bce4d41abf8c8c5658d881e4b8378e5c61010a696bfea8b4106b908e916"
            ],
            "index": "pypi",
            "markers": "python_version >= '3.8'",
            "version": "==0.20.31"
        },
        "pyarrow": {
            "hashes": [
                "sha256:001ea83a58024818826a9e3f89bf9310a114f7e26dfe404a4c32686f97bd7901",
                "sha256:00626d9dc0f5ef3a75fe63fd68b9c7c8302d2b5bbc7f74ecaedba83447a24f84",
                "sha256:0c34fe18094686194f204a3b1787a27456897d8a2d62caf84b61e8dfbc0252ae",
                "sha256:12fe549c9b10ac98c91cf791d2945e878875d95508e1a5d14091a7aaa66d9cf8",
                "sha256:1a812a5b727bc09c3d7ea072c4eebf657c2f7066155506ba31ebf4792f88f016",
                "sha256:252be4a05f9d9185bb8c18e83764ebcfea7185076c07a7a662253af3a8c07941",
                "sha256:334f900ff08ce0423407af97e6c26ad5d4e3b0763645559ece6fbf3747d6a8f5",
                "sha256:35ad0f0378c9359b3f297299c3309778bb03b8612f987399a0333a560b43862d",
                "sha256:3d600dc583260d845c7d8a6db540339dd883081925da2bd1c5cb808f720b3cd9",
                "sha256:3e294c5eadfb93d78b0763e859a0c16d4051fc1c5231ae8956d61cb0b5666f5a",
                "sha256:3e739edd001b04f654b166204fc7a9de896cf6007eaff33409ee9e50ceaff754",
                "sha256:44729980b6c50a5f2bfcc2668d36c569ce17f8b17bccaf470c4313dcbbf13c9d",
                "sha256:44d2d26cda26d18f7af7db71453b7b783788322d756e81730acb98f24eb90ace",
                "sha256:4c19236ae2402a8663a2c8f21f1870a03cc57f0bef7e4b6eb3238cc82944de80",
                "sha256:69763ab2445f632d90b504a815a2a033f74332997052b721002298ed6de40f2e",
                "sha256:6dda1ddac033d27421c20d7a7943eec60be44e0db4e079f33cc5af3b8280ccde",
                "sha256:6f9762274496c244d951c819348afbcf212714902742225f649cf02823a6a10f",
                "sha256:710624ab925dc2b05a6229d47f6f0dac1c1155e6ed559be7109f684eba048a48",
                "sha256:7388ac685cab5b279a41dfe0a6ccd99e4dbf322edfb63e02fc0443bf24134e91",
                "sha256:77718810bd3066158db1e95a63c160ad7ce08c6b0710bc656055033e39cdad88",
                "sha256:7a820d8ae11facf32585507c11f04e3f38343c1e784c9b5a8b1da5c930547fe2",
                "sha256:8382ad21458075c2e66a82a29d650f963ce51c7708c7c0ff313a8c206c4fd5e8",
                "sha256:84378110dd9a6c06323b41b56e129c504d157d1a983ce8f5443761eb5256bafc",
                "sha256:854794239111d2b88b40b6ef92aa478024d1e5074f364033e73e21e3f76b25e0",
                "sha256:92843c305330aa94a36e706c16209cd4df274693e777ca47112617db7d0ef3d7",
                "sha256:9bddc2cade6561f6820d4cd73f99a0243532ad506bc510a75a5a65a522b2d74d",
                "sha256:a4893d31e5ef780b6edcaf63122df0f8d321088bb0dee4c8c06eccb1ca28d145",
                "sha256:a9d9ffdc2ab696f6b15b4d1f7cec6658e1d788124418cb30030afbae31c64746",
                "sha256:ac93252226cf288753d8b46280f4edf3433bf9508b6977f8dd8526b521a1bbb9",
                "sha256:b41f37cabfe2463232684de44bad753d6be08a7a072f6a83447eeaf0e4d2a215",
                "sha256:b883fe6fd85adad7932b3271c38ac289c65b7337c2c132e9569f9d3940620730",
                "sha256:b9d71701ce97c95480fecb0039ec5bb889e75f110da72005743451339262f4ce",
                "sha256:ba95112d15fd4f1105fb2402c4eab9068f0554435e9b7085924bcfaac2cc306f",
                "sha256:bba208d9c7decf9961998edf5c65e3ea4355d5818dd6cd0f6809bec1afb951cc",
                "sha256:bd0d42297ace400d8febe55f13fdf46e86754842b860c978dfec16f081e5c653",
                "sha256:bea79263d55c24a32b0d79c00a1c58bb2ee5f0757ed95656b01c0fb310c5af3d",
                "sha256:c064e28361c05d72eed8e744c9605cbd6d2bb7481a511c74071fd9b24bc65d7d",
                "sha256:c3200cb41cdbc65156e5f8c908d739b0dfed57e890329413da2748d1a2cd1a4e",
                "sha256:c6c791b09c57ed76a18b03f2631753a4960eefbbca80f846da8baefc6491fcfe",
                "sha256:c6ec3675d98915bf1ec8b3c7986422682f7232ea76cad276f4c8abd5b7319b70",
                "sha256:ce20fe000754f477c8a9125543f1936ea5b8867c5406757c224d745ed033e691",
                "sha256:cedb9dd9358e4ea1d9bce3665ce0797f6adf97ff142c8e25b46ba9cdd508e9b6",
                "sha256:e0a15757fccb38c410947df156f9749ae4a3c89b2393741a50521f39a8cf202a",
                "sha256:e6e95176209257803a8b3d0394f21604e796dadb643d2f7ca21b66c9c0b30c9a",
                "sha256:e70ff90c64419709d38c8932ea9fe1cc98415c4f87ea8da81719e43f02534bc9",
                "sha256:ec1a15968a9d80da01e1d30349b2b0d7cc91e96588ee324ce1b5228175043e95",
                "sha256:ec5d40dd494882704fb876c16fa7261a69791e784ae34e6b5992e977bd2e238c",
                "sha256:f633074f36dbc33d5c05b5dc75371e5660f1dbf9c8b1d95669def05e5425989c",
                "sha256:f7fe3dbe871294ba70d789be16b6e7e52b418311e166e0e3cba9522f0f437fb1",
                "sha256:f963ba8c3b0199f9d6b794c90ec77545e05eadc83973897a4523c9e8d84e9340"
            ],
            "index": "pypi",
            "markers": "python_version >= '3.10'",
            "version": "==22.0.0"
        },
        "python-dateutil": {
            "hashes": [
                "sha256:37dd54208da7e1cd875388217d5e00ebd4179249f90fb72437e91a35459a0ad3",
                "sha256:a8b2bc7bffae282281c8140a97d3aa9c14da0b136dfe83f850eea9a5f7470427"
            ],
            "markers": "python_version >= '2.7' and python_version not in '3.0, 3.1, 3.2'",
            "version": "==2.9.0.post0"
        },
        "pytz": {
            "hashes": [
                "sha256:360b9e3dbb49a209c21ad61809c7fb453643e048b38924c765813546746e81c3",
                "sha256:5ddf76296dd8c44c26eb8f4b6f35488f3ccbf6fbbd7adee0b7262d43f0ec2f00"
            ],
            "version": "==2025.2"
        },
        "requests": {
            "hashes": [
                "sha256:2462f94637a34fd532264295e186976db0f5d453d1cdd31473c85a6a161affb6",
                "sha256:dbba0bac56e100853db0ea71b82b4dfd5fe2bf6d3754a8893c3af500cec7d7cf"
            ],
            "index": "pypi",
            "markers": "python_version >= '3.9'",
            "version": "==2.32.5"
        },
        "six": {
            "hashes": [
                "sha256:4721f391ed90541fddacab5acf947aa0d3dc7d27b2e1e8eda2be8970586c3274",
                "sha256:ff70335d468e7eb6ec65b95b99d3a2836546063f63acc5171de367e834932a81"
            ],
            "markers": "python_version >= '2.7' and python_version not in '3.0, 3.1, 3.2'",
            "version": "==1.17.0"
        },
        "tzdata": {
            "hashes": [
                "sha256:06a47e5700f3081aab02b2e513160914ff0694bce9947d6b76ebd6bf57cfc5d1",
                "sha256:de39c2ca5dc7b0344f2eba86f49d614019d29f060fc4ebc8a417896a620b56a7"
            ],
            "markers": "python_version >= '2'",
            "version": "==2025.3"
        },
        "urllib3": {
            "hashes": [
                "sha256:1b62b6884944a57dbe321509ab94fd4d3b307075e0c2eae991ac71ee15ad38ed",
                "sha256:bf272323e553dfb2e87d9bfd225ca7b0f467b919d7bbd355436d3fd37cb0acd4"
            ],
            "index": "pypi",
            "markers": "python_version >= '3.9'",
            "version": "==2.6.3"
        }
    },
    "develop": {}
}
